// !$*UTF8*$!
{
	archiveVersion = 1;
	classes = {
	};
	objectVersion = 77;
	objects = {

/* Begin PBXBuildFile section */
		1C685827401ABD703006AB35 /* Pods_roku_app.framework in Frameworks */ = {isa = PBXBuildFile; fileRef = BC3B486BF874E3F7AFF3C3A4 /* Pods_roku_app.framework */; };
		41A4DC992E6F003500BD65C0 /* StoreKit.framework in Frameworks */ = {isa = PBXBuildFile; fileRef = 41A4DC982E6F003500BD65C0 /* StoreKit.framework */; };
/* End PBXBuildFile section */

/* Begin PBXContainerItemProxy section */
		41A4DC342E6EF96100BD65C0 /* PBXContainerItemProxy */ = {
			isa = PBXContainerItemProxy;
			containerPortal = 41A4DC1D2E6EF96000BD65C0 /* Project object */;
			proxyType = 1;
			remoteGlobalIDString = 41A4DC242E6EF96000BD65C0;
			remoteInfo = "roku-app";
		};
		41A4DC3E2E6EF96100BD65C0 /* PBXContainerItemProxy */ = {
			isa = PBXContainerItemProxy;
			containerPortal = 41A4DC1D2E6EF96000BD65C0 /* Project object */;
			proxyType = 1;
			remoteGlobalIDString = 41A4DC242E6EF96000BD65C0;
			remoteInfo = "roku-app";
		};
/* End PBXContainerItemProxy section */

/* Begin PBXFileReference section */
		41A4DC252E6EF96000BD65C0 /* roku-app.app */ = {isa = PBXFileReference; explicitFileType = wrapper.application; includeInIndex = 0; path = "roku-app.app"; sourceTree = BUILT_PRODUCTS_DIR; };
		41A4DC332E6EF96100BD65C0 /* roku-appTests.xctest */ = {isa = PBXFileReference; explicitFileType = wrapper.cfbundle; includeInIndex = 0; path = "roku-appTests.xctest"; sourceTree = BUILT_PRODUCTS_DIR; };
		41A4DC3D2E6EF96100BD65C0 /* roku-appUITests.xctest */ = {isa = PBXFileReference; explicitFileType = wrapper.cfbundle; includeInIndex = 0; path = "roku-appUITests.xctest"; sourceTree = BUILT_PRODUCTS_DIR; };
		41A4DC982E6F003500BD65C0 /* StoreKit.framework */ = {isa = PBXFileReference; lastKnownFileType = wrapper.framework; name = StoreKit.framework; path = System/Library/Frameworks/StoreKit.framework; sourceTree = SDKROOT; };
		BA9DD01D05BC6D29196FC064 /* Pods-roku-app.debug.xcconfig */ = {isa = PBXFileReference; includeInIndex = 1; lastKnownFileType = text.xcconfig; name = "Pods-roku-app.debug.xcconfig"; path = "Target Support Files/Pods-roku-app/Pods-roku-app.debug.xcconfig"; sourceTree = "<group>"; };
		BC3B486BF874E3F7AFF3C3A4 /* Pods_roku_app.framework */ = {isa = PBXFileReference; explicitFileType = wrapper.framework; includeInIndex = 0; path = Pods_roku_app.framework; sourceTree = BUILT_PRODUCTS_DIR; };
		F932B614E6D452A8F5F59104 /* Pods-roku-app.release.xcconfig */ = {isa = PBXFileReference; includeInIndex = 1; lastKnownFileType = text.xcconfig; name = "Pods-roku-app.release.xcconfig"; path = "Target Support Files/Pods-roku-app/Pods-roku-app.release.xcconfig"; sourceTree = "<group>"; };
/* End PBXFileReference section */

/* Begin PBXFileSystemSynchronizedBuildFileExceptionSet section */
		414BFE662E7C1C0E0031830D /* Exceptions for "roku-app" folder in "roku-app" target */ = {
			isa = PBXFileSystemSynchronizedBuildFileExceptionSet;
			membershipExceptions = (
				Info.plist,
			);
			target = 41A4DC242E6EF96000BD65C0 /* roku-app */;
		};
/* End PBXFileSystemSynchronizedBuildFileExceptionSet section */

/* Begin PBXFileSystemSynchronizedRootGroup section */
		41A4DC272E6EF96000BD65C0 /* roku-app */ = {
			isa = PBXFileSystemSynchronizedRootGroup;
			exceptions = (
				414BFE662E7C1C0E0031830D /* Exceptions for "roku-app" folder in "roku-app" target */,
			);
			path = "roku-app";
			sourceTree = "<group>";
		};
		41A4DC362E6EF96100BD65C0 /* roku-appTests */ = {
			isa = PBXFileSystemSynchronizedRootGroup;
			exceptions = (
			);
			path = "roku-appTests";
			sourceTree = "<group>";
		};
		41A4DC402E6EF96100BD65C0 /* roku-appUITests */ = {
			isa = PBXFileSystemSynchronizedRootGroup;
			exceptions = (
			);
			path = "roku-appUITests";
			sourceTree = "<group>";
		};
/* End PBXFileSystemSynchronizedRootGroup section */

/* Begin PBXFrameworksBuildPhase section */
		41A4DC222E6EF96000BD65C0 /* Frameworks */ = {
			isa = PBXFrameworksBuildPhase;
			buildActionMask = 2147483647;
			files = (
				1C685827401ABD703006AB35 /* Pods_roku_app.framework in Frameworks */,
				41A4DC992E6F003500BD65C0 /* StoreKit.framework in Frameworks */,
			);
			runOnlyForDeploymentPostprocessing = 0;
		};
		41A4DC302E6EF96100BD65C0 /* Frameworks */ = {
			isa = PBXFrameworksBuildPhase;
			buildActionMask = 2147483647;
			files = (
			);
			runOnlyForDeploymentPostprocessing = 0;
		};
		41A4DC3A2E6EF96100BD65C0 /* Frameworks */ = {
			isa = PBXFrameworksBuildPhase;
			buildActionMask = 2147483647;
			files = (
			);
			runOnlyForDeploymentPostprocessing = 0;
		};
/* End PBXFrameworksBuildPhase section */

/* Begin PBXGroup section */
		41A4DC1C2E6EF96000BD65C0 = {
			isa = PBXGroup;
			children = (
				41A4DC272E6EF96000BD65C0 /* roku-app */,
				41A4DC362E6EF96100BD65C0 /* roku-appTests */,
				41A4DC402E6EF96100BD65C0 /* roku-appUITests */,
				41A4DC262E6EF96000BD65C0 /* Products */,
				B3CB87536A67FCAF55745C95 /* Pods */,
				48C59266F18F442404C8A7E1 /* Frameworks */,
			);
			sourceTree = "<group>";
		};
		41A4DC262E6EF96000BD65C0 /* Products */ = {
			isa = PBXGroup;
			children = (
				41A4DC252E6EF96000BD65C0 /* roku-app.app */,
				41A4DC332E6EF96100BD65C0 /* roku-appTests.xctest */,
				41A4DC3D2E6EF96100BD65C0 /* roku-appUITests.xctest */,
			);
			name = Products;
			sourceTree = "<group>";
		};
		48C59266F18F442404C8A7E1 /* Frameworks */ = {
			isa = PBXGroup;
			children = (
				41A4DC982E6F003500BD65C0 /* StoreKit.framework */,
				BC3B486BF874E3F7AFF3C3A4 /* Pods_roku_app.framework */,
			);
			name = Frameworks;
			sourceTree = "<group>";
		};
		B3CB87536A67FCAF55745C95 /* Pods */ = {
			isa = PBXGroup;
			children = (
				BA9DD01D05BC6D29196FC064 /* Pods-roku-app.debug.xcconfig */,
				F932B614E6D452A8F5F59104 /* Pods-roku-app.release.xcconfig */,
			);
			path = Pods;
			sourceTree = "<group>";
		};
/* End PBXGroup section */

/* Begin PBXNativeTarget section */
		41A4DC242E6EF96000BD65C0 /* roku-app */ = {
			isa = PBXNativeTarget;
			buildConfigurationList = 41A4DC472E6EF96100BD65C0 /* Build configuration list for PBXNativeTarget "roku-app" */;
			buildPhases = (
				14F5AC79729035880C8EE0DB /* [CP] Check Pods Manifest.lock */,
				41A4DC212E6EF96000BD65C0 /* Sources */,
				41A4DC222E6EF96000BD65C0 /* Frameworks */,
				41A4DC232E6EF96000BD65C0 /* Resources */,
				B800FE936338F39DDE1B3A50 /* [CP] Embed Pods Frameworks */,
			);
			buildRules = (
			);
			dependencies = (
			);
			fileSystemSynchronizedGroups = (
				41A4DC272E6EF96000BD65C0 /* roku-app */,
			);
			name = "roku-app";
			productName = "roku-app";
			productReference = 41A4DC252E6EF96000BD65C0 /* roku-app.app */;
			productType = "com.apple.product-type.application";
		};
		41A4DC322E6EF96100BD65C0 /* roku-appTests */ = {
			isa = PBXNativeTarget;
			buildConfigurationList = 41A4DC4A2E6EF96100BD65C0 /* Build configuration list for PBXNativeTarget "roku-appTests" */;
			buildPhases = (
				41A4DC2F2E6EF96100BD65C0 /* Sources */,
				41A4DC302E6EF96100BD65C0 /* Frameworks */,
				41A4DC312E6EF96100BD65C0 /* Resources */,
			);
			buildRules = (
			);
			dependencies = (
				41A4DC352E6EF96100BD65C0 /* PBXTargetDependency */,
			);
			fileSystemSynchronizedGroups = (
				41A4DC362E6EF96100BD65C0 /* roku-appTests */,
			);
			name = "roku-appTests";
			productName = "roku-appTests";
			productReference = 41A4DC332E6EF96100BD65C0 /* roku-appTests.xctest */;
			productType = "com.apple.product-type.bundle.unit-test";
		};
		41A4DC3C2E6EF96100BD65C0 /* roku-appUITests */ = {
			isa = PBXNativeTarget;
			buildConfigurationList = 41A4DC4D2E6EF96100BD65C0 /* Build configuration list for PBXNativeTarget "roku-appUITests" */;
			buildPhases = (
				41A4DC392E6EF96100BD65C0 /* Sources */,
				41A4DC3A2E6EF96100BD65C0 /* Frameworks */,
				41A4DC3B2E6EF96100BD65C0 /* Resources */,
			);
			buildRules = (
			);
			dependencies = (
				41A4DC3F2E6EF96100BD65C0 /* PBXTargetDependency */,
			);
			fileSystemSynchronizedGroups = (
				41A4DC402E6EF96100BD65C0 /* roku-appUITests */,
			);
			name = "roku-appUITests";
			productName = "roku-appUITests";
			productReference = 41A4DC3D2E6EF96100BD65C0 /* roku-appUITests.xctest */;
			productType = "com.apple.product-type.bundle.ui-testing";
		};
/* End PBXNativeTarget section */

/* Begin PBXProject section */
		41A4DC1D2E6EF96000BD65C0 /* Project object */ = {
			isa = PBXProject;
			attributes = {
				BuildIndependentTargetsInParallel = 1;
				LastSwiftUpdateCheck = 1640;
				LastUpgradeCheck = 1640;
				TargetAttributes = {
					41A4DC242E6EF96000BD65C0 = {
						CreatedOnToolsVersion = 16.4;
					};
					41A4DC322E6EF96100BD65C0 = {
						CreatedOnToolsVersion = 16.4;
						TestTargetID = 41A4DC242E6EF96000BD65C0;
					};
					41A4DC3C2E6EF96100BD65C0 = {
						CreatedOnToolsVersion = 16.4;
						TestTargetID = 41A4DC242E6EF96000BD65C0;
					};
				};
			};
			buildConfigurationList = 41A4DC202E6EF96000BD65C0 /* Build configuration list for PBXProject "roku-app" */;
			developmentRegion = en;
			hasScannedForEncodings = 0;
			knownRegions = (
				en,
				Base,
			);
			mainGroup = 41A4DC1C2E6EF96000BD65C0;
			minimizedProjectReferenceProxies = 1;
			preferredProjectObjectVersion = 77;
			productRefGroup = 41A4DC262E6EF96000BD65C0 /* Products */;
			projectDirPath = "";
			projectRoot = "";
			targets = (
				41A4DC242E6EF96000BD65C0 /* roku-app */,
				41A4DC322E6EF96100BD65C0 /* roku-appTests */,
				41A4DC3C2E6EF96100BD65C0 /* roku-appUITests */,
			);
		};
/* End PBXProject section */

/* Begin PBXResourcesBuildPhase section */
		41A4DC232E6EF96000BD65C0 /* Resources */ = {
			isa = PBXResourcesBuildPhase;
			buildActionMask = 2147483647;
			files = (
			);
			runOnlyForDeploymentPostprocessing = 0;
		};
		41A4DC312E6EF96100BD65C0 /* Resources */ = {
			isa = PBXResourcesBuildPhase;
			buildActionMask = 2147483647;
			files = (
			);
			runOnlyForDeploymentPostprocessing = 0;
		};
		41A4DC3B2E6EF96100BD65C0 /* Resources */ = {
			isa = PBXResourcesBuildPhase;
			buildActionMask = 2147483647;
			files = (
			);
			runOnlyForDeploymentPostprocessing = 0;
		};
/* End PBXResourcesBuildPhase section */

/* Begin PBXShellScriptBuildPhase section */
		14F5AC79729035880C8EE0DB /* [CP] Check Pods Manifest.lock */ = {
			isa = PBXShellScriptBuildPhase;
			buildActionMask = 2147483647;
			files = (
			);
			inputFileListPaths = (
			);
			inputPaths = (
				"${PODS_PODFILE_DIR_PATH}/Podfile.lock",
				"${PODS_ROOT}/Manifest.lock",
			);
			name = "[CP] Check Pods Manifest.lock";
			outputFileListPaths = (
			);
			outputPaths = (
				"$(DERIVED_FILE_DIR)/Pods-roku-app-checkManifestLockResult.txt",
			);
			runOnlyForDeploymentPostprocessing = 0;
			shellPath = /bin/sh;
			shellScript = "diff \"${PODS_PODFILE_DIR_PATH}/Podfile.lock\" \"${PODS_ROOT}/Manifest.lock\" > /dev/null\nif [ $? != 0 ] ; then\n    # print error to STDERR\n    echo \"error: The sandbox is not in sync with the Podfile.lock. Run 'pod install' or update your CocoaPods installation.\" >&2\n    exit 1\nfi\n# This output is used by Xcode 'outputs' to avoid re-running this script phase.\necho \"SUCCESS\" > \"${SCRIPT_OUTPUT_FILE_0}\"\n";
			showEnvVarsInLog = 0;
		};
		B800FE936338F39DDE1B3A50 /* [CP] Embed Pods Frameworks */ = {
			isa = PBXShellScriptBuildPhase;
			buildActionMask = 2147483647;
			files = (
			);
			inputFileListPaths = (
				"${PODS_ROOT}/Target Support Files/Pods-roku-app/Pods-roku-app-frameworks-${CONFIGURATION}-input-files.xcfilelist",
			);
			name = "[CP] Embed Pods Frameworks";
			outputFileListPaths = (
				"${PODS_ROOT}/Target Support Files/Pods-roku-app/Pods-roku-app-frameworks-${CONFIGURATION}-output-files.xcfilelist",
			);
			runOnlyForDeploymentPostprocessing = 0;
			shellPath = /bin/sh;
			shellScript = "\"${PODS_ROOT}/Target Support Files/Pods-roku-app/Pods-roku-app-frameworks.sh\"\n";
			showEnvVarsInLog = 0;
		};
/* End PBXShellScriptBuildPhase section */

/* Begin PBXSourcesBuildPhase section */
		41A4DC212E6EF96000BD65C0 /* Sources */ = {
			isa = PBXSourcesBuildPhase;
			buildActionMask = 2147483647;
			files = (
			);
			runOnlyForDeploymentPostprocessing = 0;
		};
		41A4DC2F2E6EF96100BD65C0 /* Sources */ = {
			isa = PBXSourcesBuildPhase;
			buildActionMask = 2147483647;
			files = (
			);
			runOnlyForDeploymentPostprocessing = 0;
		};
		41A4DC392E6EF96100BD65C0 /* Sources */ = {
			isa = PBXSourcesBuildPhase;
			buildActionMask = 2147483647;
			files = (
			);
			runOnlyForDeploymentPostprocessing = 0;
		};
/* End PBXSourcesBuildPhase section */

/* Begin PBXTargetDependency section */
		41A4DC352E6EF96100BD65C0 /* PBXTargetDependency */ = {
			isa = PBXTargetDependency;
			target = 41A4DC242E6EF96000BD65C0 /* roku-app */;
			targetProxy = 41A4DC342E6EF96100BD65C0 /* PBXContainerItemProxy */;
		};
		41A4DC3F2E6EF96100BD65C0 /* PBXTargetDependency */ = {
			isa = PBXTargetDependency;
			target = 41A4DC242E6EF96000BD65C0 /* roku-app */;
			targetProxy = 41A4DC3E2E6EF96100BD65C0 /* PBXContainerItemProxy */;
		};
/* End PBXTargetDependency section */

/* Begin XCBuildConfiguration section */
		41A4DC452E6EF96100BD65C0 /* Debug */ = {
			isa = XCBuildConfiguration;
			buildSettings = {
				ALWAYS_SEARCH_USER_PATHS = NO;
				ASSETCATALOG_COMPILER_GENERATE_SWIFT_ASSET_SYMBOL_EXTENSIONS = YES;
				CLANG_ANALYZER_NONNULL = YES;
				CLANG_ANALYZER_NUMBER_OBJECT_CONVERSION = YES_AGGRESSIVE;
				CLANG_CXX_LANGUAGE_STANDARD = "gnu++20";
				CLANG_ENABLE_MODULES = YES;
				CLANG_ENABLE_OBJC_ARC = YES;
				CLANG_ENABLE_OBJC_WEAK = YES;
				CLANG_WARN_BLOCK_CAPTURE_AUTORELEASING = YES;
				CLANG_WARN_BOOL_CONVERSION = YES;
				CLANG_WARN_COMMA = YES;
				CLANG_WARN_CONSTANT_CONVERSION = YES;
				CLANG_WARN_DEPRECATED_OBJC_IMPLEMENTATIONS = YES;
				CLANG_WARN_DIRECT_OBJC_ISA_USAGE = YES_ERROR;
				CLANG_WARN_DOCUMENTATION_COMMENTS = YES;
				CLANG_WARN_EMPTY_BODY = YES;
				CLANG_WARN_ENUM_CONVERSION = YES;
				CLANG_WARN_INFINITE_RECURSION = YES;
				CLANG_WARN_INT_CONVERSION = YES;
				CLANG_WARN_NON_LITERAL_NULL_CONVERSION = YES;
				CLANG_WARN_OBJC_IMPLICIT_RETAIN_SELF = YES;
				CLANG_WARN_OBJC_LITERAL_CONVERSION = YES;
				CLANG_WARN_OBJC_ROOT_CLASS = YES_ERROR;
				CLANG_WARN_QUOTED_INCLUDE_IN_FRAMEWORK_HEADER = YES;
				CLANG_WARN_RANGE_LOOP_ANALYSIS = YES;
				CLANG_WARN_STRICT_PROTOTYPES = YES;
				CLANG_WARN_SUSPICIOUS_MOVE = YES;
				CLANG_WARN_UNGUARDED_AVAILABILITY = YES_AGGRESSIVE;
				CLANG_WARN_UNREACHABLE_CODE = YES;
				CLANG_WARN__DUPLICATE_METHOD_MATCH = YES;
				COPY_PHASE_STRIP = NO;
				DEBUG_INFORMATION_FORMAT = dwarf;
				DEVELOPMENT_TEAM = 6Z2A2ZVSJM;
				ENABLE_STRICT_OBJC_MSGSEND = YES;
				ENABLE_TESTABILITY = YES;
				ENABLE_USER_SCRIPT_SANDBOXING = NO;
				GCC_C_LANGUAGE_STANDARD = gnu17;
				GCC_DYNAMIC_NO_PIC = NO;
				GCC_NO_COMMON_BLOCKS = YES;
				GCC_OPTIMIZATION_LEVEL = 0;
				GCC_PREPROCESSOR_DEFINITIONS = (
					"DEBUG=1",
					"$(inherited)",
				);
				GCC_WARN_64_TO_32_BIT_CONVERSION = YES;
				GCC_WARN_ABOUT_RETURN_TYPE = YES_ERROR;
				GCC_WARN_UNDECLARED_SELECTOR = YES;
				GCC_WARN_UNINITIALIZED_AUTOS = YES_AGGRESSIVE;
				GCC_WARN_UNUSED_FUNCTION = YES;
				GCC_WARN_UNUSED_VARIABLE = YES;
				LOCALIZATION_PREFERS_STRING_CATALOGS = YES;
				MTL_ENABLE_DEBUG_INFO = INCLUDE_SOURCE;
				MTL_FAST_MATH = YES;
				ONLY_ACTIVE_ARCH = YES;
				SWIFT_ACTIVE_COMPILATION_CONDITIONS = "DEBUG $(inherited)";
				SWIFT_OPTIMIZATION_LEVEL = "-Onone";
			};
			name = Debug;
		};
		41A4DC462E6EF96100BD65C0 /* Release */ = {
			isa = XCBuildConfiguration;
			buildSettings = {
				ALWAYS_SEARCH_USER_PATHS = NO;
				ASSETCATALOG_COMPILER_GENERATE_SWIFT_ASSET_SYMBOL_EXTENSIONS = YES;
				CLANG_ANALYZER_NONNULL = YES;
				CLANG_ANALYZER_NUMBER_OBJECT_CONVERSION = YES_AGGRESSIVE;
				CLANG_CXX_LANGUAGE_STANDARD = "gnu++20";
				CLANG_ENABLE_MODULES = YES;
				CLANG_ENABLE_OBJC_ARC = YES;
				CLANG_ENABLE_OBJC_WEAK = YES;
				CLANG_WARN_BLOCK_CAPTURE_AUTORELEASING = YES;
				CLANG_WARN_BOOL_CONVERSION = YES;
				CLANG_WARN_COMMA = YES;
				CLANG_WARN_CONSTANT_CONVERSION = YES;
				CLANG_WARN_DEPRECATED_OBJC_IMPLEMENTATIONS = YES;
				CLANG_WARN_DIRECT_OBJC_ISA_USAGE = YES_ERROR;
				CLANG_WARN_DOCUMENTATION_COMMENTS = YES;
				CLANG_WARN_EMPTY_BODY = YES;
				CLANG_WARN_ENUM_CONVERSION = YES;
				CLANG_WARN_INFINITE_RECURSION = YES;
				CLANG_WARN_INT_CONVERSION = YES;
				CLANG_WARN_NON_LITERAL_NULL_CONVERSION = YES;
				CLANG_WARN_OBJC_IMPLICIT_RETAIN_SELF = YES;
				CLANG_WARN_OBJC_LITERAL_CONVERSION = YES;
				CLANG_WARN_OBJC_ROOT_CLASS = YES_ERROR;
				CLANG_WARN_QUOTED_INCLUDE_IN_FRAMEWORK_HEADER = YES;
				CLANG_WARN_RANGE_LOOP_ANALYSIS = YES;
				CLANG_WARN_STRICT_PROTOTYPES = YES;
				CLANG_WARN_SUSPICIOUS_MOVE = YES;
				CLANG_WARN_UNGUARDED_AVAILABILITY = YES_AGGRESSIVE;
				CLANG_WARN_UNREACHABLE_CODE = YES;
				CLANG_WARN__DUPLICATE_METHOD_MATCH = YES;
				COPY_PHASE_STRIP = NO;
				DEBUG_INFORMATION_FORMAT = "dwarf-with-dsym";
				DEVELOPMENT_TEAM = 6Z2A2ZVSJM;
				ENABLE_NS_ASSERTIONS = NO;
				ENABLE_STRICT_OBJC_MSGSEND = YES;
				ENABLE_USER_SCRIPT_SANDBOXING = NO;
				GCC_C_LANGUAGE_STANDARD = gnu17;
				GCC_NO_COMMON_BLOCKS = YES;
				GCC_WARN_64_TO_32_BIT_CONVERSION = YES;
				GCC_WARN_ABOUT_RETURN_TYPE = YES_ERROR;
				GCC_WARN_UNDECLARED_SELECTOR = YES;
				GCC_WARN_UNINITIALIZED_AUTOS = YES_AGGRESSIVE;
				GCC_WARN_UNUSED_FUNCTION = YES;
				GCC_WARN_UNUSED_VARIABLE = YES;
				LOCALIZATION_PREFERS_STRING_CATALOGS = YES;
				MTL_ENABLE_DEBUG_INFO = NO;
				MTL_FAST_MATH = YES;
				SWIFT_COMPILATION_MODE = wholemodule;
			};
			name = Release;
		};
		41A4DC482E6EF96100BD65C0 /* Debug */ = {
			isa = XCBuildConfiguration;
			baseConfigurationReference = BA9DD01D05BC6D29196FC064 /* Pods-roku-app.debug.xcconfig */;
			buildSettings = {
				ASSETCATALOG_COMPILER_APPICON_NAME = AppIcon;
				ASSETCATALOG_COMPILER_GLOBAL_ACCENT_COLOR_NAME = AccentColor;
				CODE_SIGN_ENTITLEMENTS = "roku-app/Resources/roku_app.entitlements";
				CODE_SIGN_IDENTITY = "Apple Development";
				CODE_SIGN_STYLE = Automatic;
				CURRENT_PROJECT_VERSION = 1;
				DEVELOPMENT_TEAM = "";
				ENABLE_HARDENED_RUNTIME = YES;
				ENABLE_PREVIEWS = YES;
				GENERATE_INFOPLIST_FILE = YES;
				INFOPLIST_FILE = "roku-app/Info.plist";
				INFOPLIST_KEY_NSLocalNetworkUsageDescription = "TV Remote uses the local network to discover your TV devices. ";
				INFOPLIST_KEY_UIAppFonts = "Poppins-Regular.ttf Poppins-Bold.ttf Poppins-Light.ttf Poppins-Medium.ttf Poppins-SemiBold.ttf Poppins-ExtraBold.ttf Poppins-Black.ttf Poppins-Thin.ttf Poppins-ExtraLight.ttf Poppins-Italic.ttf Poppins-BoldItalic.ttf Poppins-LightItalic.ttf Poppins-MediumItalic.ttf Poppins-SemiBoldItalic.ttf Poppins-ExtraBoldItalic.ttf Poppins-BlackItalic.ttf Poppins-ThinItalic.ttf Poppins-ExtraLightItalic.ttf";
				"INFOPLIST_KEY_UIApplicationSupportsIndirectInputEvents[sdk=iphoneos*]" = YES;
				"INFOPLIST_KEY_UIApplicationSupportsIndirectInputEvents[sdk=iphonesimulator*]" = YES;
				"INFOPLIST_KEY_UILaunchScreen_Generation[sdk=iphoneos*]" = YES;
				"INFOPLIST_KEY_UILaunchScreen_Generation[sdk=iphonesimulator*]" = YES;
				INFOPLIST_KEY_UIRequiredDeviceCapabilities = armv7;
				INFOPLIST_KEY_UISceneConfigurationName = "Default Configuration";
				INFOPLIST_KEY_UISceneDelegateClassName = SceneDelegate;
				INFOPLIST_KEY_UISceneDelegate_Class = SceneDelegate;
				"INFOPLIST_KEY_UIStatusBarStyle[sdk=iphoneos*]" = UIStatusBarStyleDefault;
				"INFOPLIST_KEY_UIStatusBarStyle[sdk=iphonesimulator*]" = UIStatusBarStyleDefault;
				INFOPLIST_KEY_UISupportedInterfaceOrientations = UIInterfaceOrientationPortrait;
				IPHONEOS_DEPLOYMENT_TARGET = 15.6;
				LD_RUNPATH_SEARCH_PATHS = "@executable_path/Frameworks";
				"LD_RUNPATH_SEARCH_PATHS[sdk=macosx*]" = "@executable_path/../Frameworks";
				MACOSX_DEPLOYMENT_TARGET = 15.5;
				MARKETING_VERSION = 1.0;
				PLIST_FILE_OUTPUT_FORMAT = binary;
				PRODUCT_BUNDLE_IDENTIFIER = fenixmobile.rmt1.test;
				PRODUCT_NAME = "$(TARGET_NAME)";
				PROVISIONING_PROFILE_SPECIFIER = "";
				REGISTER_APP_GROUPS = YES;
				SDKROOT = auto;
				SUPPORTED_PLATFORMS = "iphoneos iphonesimulator";
				SUPPORTS_MACCATALYST = NO;
				SWIFT_EMIT_LOC_STRINGS = YES;
				SWIFT_VERSION = 5.0;
				TARGETED_DEVICE_FAMILY = 1;
				XROS_DEPLOYMENT_TARGET = 2.5;
			};
			name = Debug;
		};
		41A4DC492E6EF96100BD65C0 /* Release */ = {
			isa = XCBuildConfiguration;
			baseConfigurationReference = F932B614E6D452A8F5F59104 /* Pods-roku-app.release.xcconfig */;
			buildSettings = {
				ASSETCATALOG_COMPILER_APPICON_NAME = AppIcon;
				ASSETCATALOG_COMPILER_GLOBAL_ACCENT_COLOR_NAME = AccentColor;
				CODE_SIGN_ENTITLEMENTS = "roku-app/Resources/roku_app.entitlements";
				CODE_SIGN_IDENTITY = "Apple Development";
				CODE_SIGN_STYLE = Automatic;
				CURRENT_PROJECT_VERSION = 1;
				DEVELOPMENT_TEAM = "";
				ENABLE_HARDENED_RUNTIME = YES;
				ENABLE_PREVIEWS = YES;
				GENERATE_INFOPLIST_FILE = YES;
				INFOPLIST_FILE = "roku-app/Info.plist";
				INFOPLIST_KEY_NSLocalNetworkUsageDescription = "TV Remote uses the local network to discover your TV devices. ";
				INFOPLIST_KEY_UIAppFonts = "Poppins-Regular.ttf Poppins-Bold.ttf Poppins-Light.ttf Poppins-Medium.ttf Poppins-SemiBold.ttf Poppins-ExtraBold.ttf Poppins-Black.ttf Poppins-Thin.ttf Poppins-ExtraLight.ttf Poppins-Italic.ttf Poppins-BoldItalic.ttf Poppins-LightItalic.ttf Poppins-MediumItalic.ttf Poppins-SemiBoldItalic.ttf Poppins-ExtraBoldItalic.ttf Poppins-BlackItalic.ttf Poppins-ThinItalic.ttf Poppins-ExtraLightItalic.ttf";
				"INFOPLIST_KEY_UIApplicationSupportsIndirectInputEvents[sdk=iphoneos*]" = YES;
				"INFOPLIST_KEY_UIApplicationSupportsIndirectInputEvents[sdk=iphonesimulator*]" = YES;
				"INFOPLIST_KEY_UILaunchScreen_Generation[sdk=iphoneos*]" = YES;
				"INFOPLIST_KEY_UILaunchScreen_Generation[sdk=iphonesimulator*]" = YES;
				INFOPLIST_KEY_UIRequiredDeviceCapabilities = armv7;
				INFOPLIST_KEY_UISceneConfigurationName = "Default Configuration";
				INFOPLIST_KEY_UISceneDelegateClassName = SceneDelegate;
				INFOPLIST_KEY_UISceneDelegate_Class = SceneDelegate;
				"INFOPLIST_KEY_UIStatusBarStyle[sdk=iphoneos*]" = UIStatusBarStyleDefault;
				"INFOPLIST_KEY_UIStatusBarStyle[sdk=iphonesimulator*]" = UIStatusBarStyleDefault;
				INFOPLIST_KEY_UISupportedInterfaceOrientations = UIInterfaceOrientationPortrait;
				IPHONEOS_DEPLOYMENT_TARGET = 15.6;
				LD_RUNPATH_SEARCH_PATHS = "@executable_path/Frameworks";
				"LD_RUNPATH_SEARCH_PATHS[sdk=macosx*]" = "@executable_path/../Frameworks";
				MACOSX_DEPLOYMENT_TARGET = 15.5;
				MARKETING_VERSION = 1.0;
				PLIST_FILE_OUTPUT_FORMAT = binary;
				PRODUCT_BUNDLE_IDENTIFIER = fenixmobile.rmt1.test;
				PRODUCT_NAME = "$(TARGET_NAME)";
				PROVISIONING_PROFILE_SPECIFIER = "";
				REGISTER_APP_GROUPS = YES;
				SDKROOT = auto;
				SUPPORTED_PLATFORMS = "iphoneos iphonesimulator";
				SUPPORTS_MACCATALYST = NO;
				SWIFT_EMIT_LOC_STRINGS = YES;
				SWIFT_VERSION = 5.0;
				TARGETED_DEVICE_FAMILY = 1;
				XROS_DEPLOYMENT_TARGET = 2.5;
			};
			name = Release;
		};
		41A4DC4B2E6EF96100BD65C0 /* Debug */ = {
			isa = XCBuildConfiguration;
			buildSettings = {
				BUNDLE_LOADER = "$(TEST_HOST)";
				CODE_SIGN_STYLE = Automatic;
				CURRENT_PROJECT_VERSION = 1;
				DEVELOPMENT_TEAM = 6Z2A2ZVSJM;
				GENERATE_INFOPLIST_FILE = NO;
				INFOPLIST_FILE = "roku-app/App/Info.plist";
				IPHONEOS_DEPLOYMENT_TARGET = 18.5;
				MACOSX_DEPLOYMENT_TARGET = 15.5;
				MARKETING_VERSION = 1.0;
				PRODUCT_BUNDLE_IDENTIFIER = "fenixmobile.rmt1.test.roku-appTests";
				PRODUCT_NAME = "$(TARGET_NAME)";
				SDKROOT = auto;
				SUPPORTED_PLATFORMS = "iphoneos iphonesimulator macosx xros xrsimulator";
				SWIFT_EMIT_LOC_STRINGS = NO;
				SWIFT_VERSION = 5.0;
				TARGETED_DEVICE_FAMILY = "1,2,7";
				TEST_HOST = "$(BUILT_PRODUCTS_DIR)/roku-app.app/$(BUNDLE_EXECUTABLE_FOLDER_PATH)/roku-app";
				XROS_DEPLOYMENT_TARGET = 2.5;
			};
			name = Debug;
		};
		41A4DC4C2E6EF96100BD65C0 /* Release */ = {
			isa = XCBuildConfiguration;
			buildSettings = {
				BUNDLE_LOADER = "$(TEST_HOST)";
				CODE_SIGN_STYLE = Automatic;
				CURRENT_PROJECT_VERSION = 1;
				DEVELOPMENT_TEAM = 6Z2A2ZVSJM;
				GENERATE_INFOPLIST_FILE = NO;
				INFOPLIST_FILE = "roku-app/App/Info.plist";
				IPHONEOS_DEPLOYMENT_TARGET = 18.5;
				MACOSX_DEPLOYMENT_TARGET = 15.5;
				MARKETING_VERSION = 1.0;
				PRODUCT_BUNDLE_IDENTIFIER = "fenixmobile.rmt1.test.roku-appTests";
				PRODUCT_NAME = "$(TARGET_NAME)";
				SDKROOT = auto;
				SUPPORTED_PLATFORMS = "iphoneos iphonesimulator macosx xros xrsimulator";
				SWIFT_EMIT_LOC_STRINGS = NO;
				SWIFT_VERSION = 5.0;
				TARGETED_DEVICE_FAMILY = "1,2,7";
				TEST_HOST = "$(BUILT_PRODUCTS_DIR)/roku-app.app/$(BUNDLE_EXECUTABLE_FOLDER_PATH)/roku-app";
				XROS_DEPLOYMENT_TARGET = 2.5;
			};
			name = Release;
		};
		41A4DC4E2E6EF96100BD65C0 /* Debug */ = {
			isa = XCBuildConfiguration;
			buildSettings = {
				CODE_SIGN_STYLE = Automatic;
				CURRENT_PROJECT_VERSION = 1;
				DEVELOPMENT_TEAM = 6Z2A2ZVSJM;
				GENERATE_INFOPLIST_FILE = NO;
				INFOPLIST_FILE = "roku-app/App/Info.plist";
				IPHONEOS_DEPLOYMENT_TARGET = 18.5;
				MACOSX_DEPLOYMENT_TARGET = 15.5;
				MARKETING_VERSION = 1.0;
				PRODUCT_BUNDLE_IDENTIFIER = "fenixmobile.rmt1.test.roku-appUITests";
				PRODUCT_NAME = "$(TARGET_NAME)";
				SDKROOT = auto;
				SUPPORTED_PLATFORMS = "iphoneos iphonesimulator macosx xros xrsimulator";
				SWIFT_EMIT_LOC_STRINGS = NO;
				SWIFT_VERSION = 5.0;
				TARGETED_DEVICE_FAMILY = "1,2,7";
				TEST_TARGET_NAME = "roku-app";
				XROS_DEPLOYMENT_TARGET = 2.5;
			};
			name = Debug;
		};
		41A4DC4F2E6EF96100BD65C0 /* Release */ = {
			isa = XCBuildConfiguration;
			buildSettings = {
				CODE_SIGN_STYLE = Automatic;
				CURRENT_PROJECT_VERSION = 1;
				DEVELOPMENT_TEAM = 6Z2A2ZVSJM;
				GENERATE_INFOPLIST_FILE = NO;
				INFOPLIST_FILE = "roku-app/App/Info.plist";
				IPHONEOS_DEPLOYMENT_TARGET = 18.5;
				MACOSX_DEPLOYMENT_TARGET = 15.5;
				MARKETING_VERSION = 1.0;
				PRODUCT_BUNDLE_IDENTIFIER = "fenixmobile.rmt1.test.roku-appUITests";
				PRODUCT_NAME = "$(TARGET_NAME)";
				SDKROOT = auto;
				SUPPORTED_PLATFORMS = "iphoneos iphonesimulator macosx xros xrsimulator";
				SWIFT_EMIT_LOC_STRINGS = NO;
				SWIFT_VERSION = 5.0;
				TARGETED_DEVICE_FAMILY = "1,2,7";
				TEST_TARGET_NAME = "roku-app";
				XROS_DEPLOYMENT_TARGET = 2.5;
			};
			name = Release;
		};
/* End XCBuildConfiguration section */

/* Begin XCConfigurationList section */
		41A4DC202E6EF96000BD65C0 /* Build configuration list for PBXProject "roku-app" */ = {
			isa = XCConfigurationList;
			buildConfigurations = (
				41A4DC452E6EF96100BD65C0 /* Debug */,
				41A4DC462E6EF96100BD65C0 /* Release */,
			);
			defaultConfigurationIsVisible = 0;
			defaultConfigurationName = Release;
		};
		41A4DC472E6EF96100BD65C0 /* Build configuration list for PBXNativeTarget "roku-app" */ = {
			isa = XCConfigurationList;
			buildConfigurations = (
				41A4DC482E6EF96100BD65C0 /* Debug */,
				41A4DC492E6EF96100BD65C0 /* Release */,
			);
			defaultConfigurationIsVisible = 0;
			defaultConfigurationName = Release;
		};
		41A4DC4A2E6EF96100BD65C0 /* Build configuration list for PBXNativeTarget "roku-appTests" */ = {
			isa = XCConfigurationList;
			buildConfigurations = (
				41A4DC4B2E6EF96100BD65C0 /* Debug */,
				41A4DC4C2E6EF96100BD65C0 /* Release */,
			);
			defaultConfigurationIsVisible = 0;
			defaultConfigurationName = Release;
		};
		41A4DC4D2E6EF96100BD65C0 /* Build configuration list for PBXNativeTarget "roku-appUITests" */ = {
			isa = XCConfigurationList;
			buildConfigurations = (
				41A4DC4E2E6EF96100BD65C0 /* Debug */,
				41A4DC4F2E6EF96100BD65C0 /* Release */,
			);
			defaultConfigurationIsVisible = 0;
			defaultConfigurationName = Release;
		};
/* End XCConfigurationList section */
	};
	rootObject = 41A4DC1D2E6EF96000BD65C0 /* Project object */;
}
